// !$*UTF8*$!
{
	archiveVersion = 1;
	classes = {
	};
	objectVersion = 52;
	objects = {

/* Begin PBXBuildFile section */
		BF0A658D244F2A3B00280FA6 /* RepositoryDetailViewController.swift in Sources */ = {isa = PBXBuildFile; fileRef = BF0A658C244F2A3B00280FA6 /* RepositoryDetailViewController.swift */; };
		BFD945DF244DC5E80012785A /* AppDelegate.swift in Sources */ = {isa = PBXBuildFile; fileRef = BFD945DE244DC5E80012785A /* AppDelegate.swift */; };
		BFD945E1244DC5E80012785A /* SceneDelegate.swift in Sources */ = {isa = PBXBuildFile; fileRef = BFD945E0244DC5E80012785A /* SceneDelegate.swift */; };
		BFD945E3244DC5E80012785A /* RepositorySearchViewController.swift in Sources */ = {isa = PBXBuildFile; fileRef = BFD945E2244DC5E80012785A /* RepositorySearchViewController.swift */; };
		BFD945E6244DC5E80012785A /* MainViewController.storyboard in Resources */ = {isa = PBXBuildFile; fileRef = BFD945E4244DC5E80012785A /* MainViewController.storyboard */; };
		BFD945E8244DC5EB0012785A /* Assets.xcassets in Resources */ = {isa = PBXBuildFile; fileRef = BFD945E7244DC5EB0012785A /* Assets.xcassets */; };
		BFD945EB244DC5EB0012785A /* LaunchScreen.storyboard in Resources */ = {isa = PBXBuildFile; fileRef = BFD945E9244DC5EB0012785A /* LaunchScreen.storyboard */; };
		BFD945F6244DC5EB0012785A /* iOSEngineerCodeCheckTests.swift in Sources */ = {isa = PBXBuildFile; fileRef = BFD945F5244DC5EB0012785A /* iOSEngineerCodeCheckTests.swift */; };
		BFD94601244DC5EC0012785A /* iOSEngineerCodeCheckUITests.swift in Sources */ = {isa = PBXBuildFile; fileRef = BFD94600244DC5EC0012785A /* iOSEngineerCodeCheckUITests.swift */; };
		E25070522724476C00013FF1 /* Storyboardable.swift in Sources */ = {isa = PBXBuildFile; fileRef = E25070512724476C00013FF1 /* Storyboardable.swift */; };
		E25070542724487300013FF1 /* SceneRouter.swift in Sources */ = {isa = PBXBuildFile; fileRef = E25070532724487300013FF1 /* SceneRouter.swift */; };
		E25070562724490A00013FF1 /* RootViewController.swift in Sources */ = {isa = PBXBuildFile; fileRef = E25070552724490A00013FF1 /* RootViewController.swift */; };
		E25070582724491600013FF1 /* RootViewController.storyboard in Resources */ = {isa = PBXBuildFile; fileRef = E25070572724491600013FF1 /* RootViewController.storyboard */; };
		E250705A2724497E00013FF1 /* MainViewController.swift in Sources */ = {isa = PBXBuildFile; fileRef = E25070592724497E00013FF1 /* MainViewController.swift */; };
		E250705D27244BE000013FF1 /* SplashViewController.swift in Sources */ = {isa = PBXBuildFile; fileRef = E250705C27244BE000013FF1 /* SplashViewController.swift */; };
		E250705F27244BED00013FF1 /* SplashViewController.storyboard in Resources */ = {isa = PBXBuildFile; fileRef = E250705E27244BED00013FF1 /* SplashViewController.storyboard */; };
		E250706127244F3C00013FF1 /* RepositorySearchViewController.storyboard in Resources */ = {isa = PBXBuildFile; fileRef = E250706027244F3C00013FF1 /* RepositorySearchViewController.storyboard */; };
		E250706327244FC000013FF1 /* RepositoryDetailViewController.storyboard in Resources */ = {isa = PBXBuildFile; fileRef = E250706227244FC000013FF1 /* RepositoryDetailViewController.storyboard */; };
		E250706727246E9700013FF1 /* Moya in Frameworks */ = {isa = PBXBuildFile; productRef = E250706627246E9700013FF1 /* Moya */; };
		E250706927246F0800013FF1 /* API.swift in Sources */ = {isa = PBXBuildFile; fileRef = E250706827246F0800013FF1 /* API.swift */; };
		E250706B27246FB100013FF1 /* AppError.swift in Sources */ = {isa = PBXBuildFile; fileRef = E250706A27246FB100013FF1 /* AppError.swift */; };
		E250706D2724712100013FF1 /* APITargetType.swift in Sources */ = {isa = PBXBuildFile; fileRef = E250706C2724712100013FF1 /* APITargetType.swift */; };
		E250706F2724715800013FF1 /* AppConstant.swift in Sources */ = {isa = PBXBuildFile; fileRef = E250706E2724715800013FF1 /* AppConstant.swift */; };
		E25070722724727000013FF1 /* SearchRepositoryRequest.swift in Sources */ = {isa = PBXBuildFile; fileRef = E25070712724727000013FF1 /* SearchRepositoryRequest.swift */; };
		E2507075272473D200013FF1 /* GitHubRepository.swift in Sources */ = {isa = PBXBuildFile; fileRef = E2507074272473D200013FF1 /* GitHubRepository.swift */; };
		E25070772724775F00013FF1 /* User.swift in Sources */ = {isa = PBXBuildFile; fileRef = E25070762724775F00013FF1 /* User.swift */; };
/* End PBXBuildFile section */

/* Begin PBXContainerItemProxy section */
		BFD945F2244DC5EB0012785A /* PBXContainerItemProxy */ = {
			isa = PBXContainerItemProxy;
			containerPortal = BFD945D3244DC5E80012785A /* Project object */;
			proxyType = 1;
			remoteGlobalIDString = BFD945DA244DC5E80012785A;
			remoteInfo = iOSEngineerCodeCheck;
		};
		BFD945FD244DC5EB0012785A /* PBXContainerItemProxy */ = {
			isa = PBXContainerItemProxy;
			containerPortal = BFD945D3244DC5E80012785A /* Project object */;
			proxyType = 1;
			remoteGlobalIDString = BFD945DA244DC5E80012785A;
			remoteInfo = iOSEngineerCodeCheck;
		};
/* End PBXContainerItemProxy section */

/* Begin PBXFileReference section */
		BF0A658C244F2A3B00280FA6 /* RepositoryDetailViewController.swift */ = {isa = PBXFileReference; lastKnownFileType = sourcecode.swift; path = RepositoryDetailViewController.swift; sourceTree = "<group>"; };
		BFD945DB244DC5E80012785A /* iOSEngineerCodeCheck.app */ = {isa = PBXFileReference; explicitFileType = wrapper.application; includeInIndex = 0; path = iOSEngineerCodeCheck.app; sourceTree = BUILT_PRODUCTS_DIR; };
		BFD945DE244DC5E80012785A /* AppDelegate.swift */ = {isa = PBXFileReference; lastKnownFileType = sourcecode.swift; path = AppDelegate.swift; sourceTree = "<group>"; };
		BFD945E0244DC5E80012785A /* SceneDelegate.swift */ = {isa = PBXFileReference; lastKnownFileType = sourcecode.swift; path = SceneDelegate.swift; sourceTree = "<group>"; };
		BFD945E2244DC5E80012785A /* RepositorySearchViewController.swift */ = {isa = PBXFileReference; lastKnownFileType = sourcecode.swift; path = RepositorySearchViewController.swift; sourceTree = "<group>"; };
		BFD945E5244DC5E80012785A /* Base */ = {isa = PBXFileReference; lastKnownFileType = file.storyboard; name = Base; path = Base.lproj/MainViewController.storyboard; sourceTree = "<group>"; };
		BFD945E7244DC5EB0012785A /* Assets.xcassets */ = {isa = PBXFileReference; lastKnownFileType = folder.assetcatalog; path = Assets.xcassets; sourceTree = "<group>"; };
		BFD945EA244DC5EB0012785A /* Base */ = {isa = PBXFileReference; lastKnownFileType = file.storyboard; name = Base; path = Base.lproj/LaunchScreen.storyboard; sourceTree = "<group>"; };
		BFD945EC244DC5EB0012785A /* Info.plist */ = {isa = PBXFileReference; lastKnownFileType = text.plist.xml; path = Info.plist; sourceTree = "<group>"; };
		BFD945F1244DC5EB0012785A /* iOSEngineerCodeCheckTests.xctest */ = {isa = PBXFileReference; explicitFileType = wrapper.cfbundle; includeInIndex = 0; path = iOSEngineerCodeCheckTests.xctest; sourceTree = BUILT_PRODUCTS_DIR; };
		BFD945F5244DC5EB0012785A /* iOSEngineerCodeCheckTests.swift */ = {isa = PBXFileReference; lastKnownFileType = sourcecode.swift; path = iOSEngineerCodeCheckTests.swift; sourceTree = "<group>"; };
		BFD945F7244DC5EB0012785A /* Info.plist */ = {isa = PBXFileReference; lastKnownFileType = text.plist.xml; path = Info.plist; sourceTree = "<group>"; };
		BFD945FC244DC5EB0012785A /* iOSEngineerCodeCheckUITests.xctest */ = {isa = PBXFileReference; explicitFileType = wrapper.cfbundle; includeInIndex = 0; path = iOSEngineerCodeCheckUITests.xctest; sourceTree = BUILT_PRODUCTS_DIR; };
		BFD94600244DC5EC0012785A /* iOSEngineerCodeCheckUITests.swift */ = {isa = PBXFileReference; lastKnownFileType = sourcecode.swift; path = iOSEngineerCodeCheckUITests.swift; sourceTree = "<group>"; };
		BFD94602244DC5EC0012785A /* Info.plist */ = {isa = PBXFileReference; lastKnownFileType = text.plist.xml; path = Info.plist; sourceTree = "<group>"; };
		E25070512724476C00013FF1 /* Storyboardable.swift */ = {isa = PBXFileReference; lastKnownFileType = sourcecode.swift; path = Storyboardable.swift; sourceTree = "<group>"; };
		E25070532724487300013FF1 /* SceneRouter.swift */ = {isa = PBXFileReference; lastKnownFileType = sourcecode.swift; path = SceneRouter.swift; sourceTree = "<group>"; };
		E25070552724490A00013FF1 /* RootViewController.swift */ = {isa = PBXFileReference; lastKnownFileType = sourcecode.swift; path = RootViewController.swift; sourceTree = "<group>"; };
		E25070572724491600013FF1 /* RootViewController.storyboard */ = {isa = PBXFileReference; lastKnownFileType = file.storyboard; path = RootViewController.storyboard; sourceTree = "<group>"; };
		E25070592724497E00013FF1 /* MainViewController.swift */ = {isa = PBXFileReference; lastKnownFileType = sourcecode.swift; path = MainViewController.swift; sourceTree = "<group>"; };
		E250705C27244BE000013FF1 /* SplashViewController.swift */ = {isa = PBXFileReference; lastKnownFileType = sourcecode.swift; path = SplashViewController.swift; sourceTree = "<group>"; };
		E250705E27244BED00013FF1 /* SplashViewController.storyboard */ = {isa = PBXFileReference; lastKnownFileType = file.storyboard; path = SplashViewController.storyboard; sourceTree = "<group>"; };
		E250706027244F3C00013FF1 /* RepositorySearchViewController.storyboard */ = {isa = PBXFileReference; lastKnownFileType = file.storyboard; path = RepositorySearchViewController.storyboard; sourceTree = "<group>"; };
		E250706227244FC000013FF1 /* RepositoryDetailViewController.storyboard */ = {isa = PBXFileReference; lastKnownFileType = file.storyboard; path = RepositoryDetailViewController.storyboard; sourceTree = "<group>"; };
		E250706827246F0800013FF1 /* API.swift */ = {isa = PBXFileReference; lastKnownFileType = sourcecode.swift; path = API.swift; sourceTree = "<group>"; };
		E250706A27246FB100013FF1 /* AppError.swift */ = {isa = PBXFileReference; lastKnownFileType = sourcecode.swift; path = AppError.swift; sourceTree = "<group>"; };
		E250706C2724712100013FF1 /* APITargetType.swift */ = {isa = PBXFileReference; lastKnownFileType = sourcecode.swift; path = APITargetType.swift; sourceTree = "<group>"; };
		E250706E2724715800013FF1 /* AppConstant.swift */ = {isa = PBXFileReference; lastKnownFileType = sourcecode.swift; path = AppConstant.swift; sourceTree = "<group>"; };
		E25070712724727000013FF1 /* SearchRepositoryRequest.swift */ = {isa = PBXFileReference; lastKnownFileType = sourcecode.swift; path = SearchRepositoryRequest.swift; sourceTree = "<group>"; };
		E2507074272473D200013FF1 /* GitHubRepository.swift */ = {isa = PBXFileReference; lastKnownFileType = sourcecode.swift; path = GitHubRepository.swift; sourceTree = "<group>"; };
		E25070762724775F00013FF1 /* User.swift */ = {isa = PBXFileReference; lastKnownFileType = sourcecode.swift; path = User.swift; sourceTree = "<group>"; };
/* End PBXFileReference section */

/* Begin PBXFrameworksBuildPhase section */
		BFD945D8244DC5E80012785A /* Frameworks */ = {
			isa = PBXFrameworksBuildPhase;
			buildActionMask = 2147483647;
			files = (
				E250706727246E9700013FF1 /* Moya in Frameworks */,
			);
			runOnlyForDeploymentPostprocessing = 0;
		};
		BFD945EE244DC5EB0012785A /* Frameworks */ = {
			isa = PBXFrameworksBuildPhase;
			buildActionMask = 2147483647;
			files = (
			);
			runOnlyForDeploymentPostprocessing = 0;
		};
		BFD945F9244DC5EB0012785A /* Frameworks */ = {
			isa = PBXFrameworksBuildPhase;
			buildActionMask = 2147483647;
			files = (
			);
			runOnlyForDeploymentPostprocessing = 0;
		};
/* End PBXFrameworksBuildPhase section */

/* Begin PBXGroup section */
		BFD945D2244DC5E80012785A = {
			isa = PBXGroup;
			children = (
				BFD945DD244DC5E80012785A /* iOSEngineerCodeCheck */,
				BFD945F4244DC5EB0012785A /* iOSEngineerCodeCheckTests */,
				BFD945FF244DC5EB0012785A /* iOSEngineerCodeCheckUITests */,
				BFD945DC244DC5E80012785A /* Products */,
			);
			sourceTree = "<group>";
		};
		BFD945DC244DC5E80012785A /* Products */ = {
			isa = PBXGroup;
			children = (
				BFD945DB244DC5E80012785A /* iOSEngineerCodeCheck.app */,
				BFD945F1244DC5EB0012785A /* iOSEngineerCodeCheckTests.xctest */,
				BFD945FC244DC5EB0012785A /* iOSEngineerCodeCheckUITests.xctest */,
			);
			name = Products;
			sourceTree = "<group>";
		};
		BFD945DD244DC5E80012785A /* iOSEngineerCodeCheck */ = {
			isa = PBXGroup;
			children = (
				E250704F272446F300013FF1 /* Configuration */,
				E250704E272446E600013FF1 /* Resource */,
				E25070482724465B00013FF1 /* Application */,
				E25070472724465300013FF1 /* Presentation */,
				E2507078272479D000013FF1 /* Repository */,
				E2507073272473C000013FF1 /* Model */,
				E250706427246DE100013FF1 /* Network */,
			);
			path = iOSEngineerCodeCheck;
			sourceTree = "<group>";
		};
		BFD945F4244DC5EB0012785A /* iOSEngineerCodeCheckTests */ = {
			isa = PBXGroup;
			children = (
				BFD945F5244DC5EB0012785A /* iOSEngineerCodeCheckTests.swift */,
				BFD945F7244DC5EB0012785A /* Info.plist */,
			);
			path = iOSEngineerCodeCheckTests;
			sourceTree = "<group>";
		};
		BFD945FF244DC5EB0012785A /* iOSEngineerCodeCheckUITests */ = {
			isa = PBXGroup;
			children = (
				BFD94600244DC5EC0012785A /* iOSEngineerCodeCheckUITests.swift */,
				BFD94602244DC5EC0012785A /* Info.plist */,
			);
			path = iOSEngineerCodeCheckUITests;
			sourceTree = "<group>";
		};
		E25070472724465300013FF1 /* Presentation */ = {
			isa = PBXGroup;
			children = (
				E25070512724476C00013FF1 /* Storyboardable.swift */,
				E25070492724467500013FF1 /* Screen */,
			);
			path = Presentation;
			sourceTree = "<group>";
		};
		E25070482724465B00013FF1 /* Application */ = {
			isa = PBXGroup;
			children = (
				BFD945DE244DC5E80012785A /* AppDelegate.swift */,
				BFD945E0244DC5E80012785A /* SceneDelegate.swift */,
				E250706A27246FB100013FF1 /* AppError.swift */,
				E250706E2724715800013FF1 /* AppConstant.swift */,
			);
			path = Application;
			sourceTree = "<group>";
		};
		E25070492724467500013FF1 /* Screen */ = {
			isa = PBXGroup;
			children = (
				E25070532724487300013FF1 /* SceneRouter.swift */,
				E250704B272446A400013FF1 /* Launch */,
				E250704A2724467C00013FF1 /* Root */,
				E250705B27244BA200013FF1 /* Splash */,
				E25070502724471600013FF1 /* Main */,
				E250704C272446B100013FF1 /* RepositorySearch */,
				E250704D272446C300013FF1 /* RepositoryDetail */,
			);
			path = Screen;
			sourceTree = "<group>";
		};
		E250704A2724467C00013FF1 /* Root */ = {
			isa = PBXGroup;
			children = (
				E25070572724491600013FF1 /* RootViewController.storyboard */,
				E25070552724490A00013FF1 /* RootViewController.swift */,
			);
			path = Root;
			sourceTree = "<group>";
		};
		E250704B272446A400013FF1 /* Launch */ = {
			isa = PBXGroup;
			children = (
				BFD945E9244DC5EB0012785A /* LaunchScreen.storyboard */,
			);
			path = Launch;
			sourceTree = "<group>";
		};
		E250704C272446B100013FF1 /* RepositorySearch */ = {
			isa = PBXGroup;
			children = (
				E250706027244F3C00013FF1 /* RepositorySearchViewController.storyboard */,
				BFD945E2244DC5E80012785A /* RepositorySearchViewController.swift */,
			);
			path = RepositorySearch;
			sourceTree = "<group>";
		};
		E250704D272446C300013FF1 /* RepositoryDetail */ = {
			isa = PBXGroup;
			children = (
				E250706227244FC000013FF1 /* RepositoryDetailViewController.storyboard */,
				BF0A658C244F2A3B00280FA6 /* RepositoryDetailViewController.swift */,
			);
			path = RepositoryDetail;
			sourceTree = "<group>";
		};
		E250704E272446E600013FF1 /* Resource */ = {
			isa = PBXGroup;
			children = (
				BFD945E7244DC5EB0012785A /* Assets.xcassets */,
			);
			path = Resource;
			sourceTree = "<group>";
		};
		E250704F272446F300013FF1 /* Configuration */ = {
			isa = PBXGroup;
			children = (
				BFD945EC244DC5EB0012785A /* Info.plist */,
			);
			path = Configuration;
			sourceTree = "<group>";
		};
		E25070502724471600013FF1 /* Main */ = {
			isa = PBXGroup;
			children = (
				BFD945E4244DC5E80012785A /* MainViewController.storyboard */,
				E25070592724497E00013FF1 /* MainViewController.swift */,
			);
			path = Main;
			sourceTree = "<group>";
		};
		E250705B27244BA200013FF1 /* Splash */ = {
			isa = PBXGroup;
			children = (
				E250705E27244BED00013FF1 /* SplashViewController.storyboard */,
				E250705C27244BE000013FF1 /* SplashViewController.swift */,
			);
			path = Splash;
			sourceTree = "<group>";
		};
		E250706427246DE100013FF1 /* Network */ = {
			isa = PBXGroup;
			children = (
				E250706827246F0800013FF1 /* API.swift */,
				E2507070272471FB00013FF1 /* Request */,
			);
			path = Network;
			sourceTree = "<group>";
		};
		E2507070272471FB00013FF1 /* Request */ = {
			isa = PBXGroup;
			children = (
				E250706C2724712100013FF1 /* APITargetType.swift */,
				E25070712724727000013FF1 /* SearchRepositoryRequest.swift */,
			);
			path = Request;
			sourceTree = "<group>";
		};
		E2507073272473C000013FF1 /* Model */ = {
			isa = PBXGroup;
			children = (
				E2507074272473D200013FF1 /* GitHubRepository.swift */,
				E25070762724775F00013FF1 /* User.swift */,
			);
			path = Model;
			sourceTree = "<group>";
		};
		E2507078272479D000013FF1 /* Repository */ = {
			isa = PBXGroup;
			children = (
			);
			path = Repository;
			sourceTree = "<group>";
		};
/* End PBXGroup section */

/* Begin PBXNativeTarget section */
		BFD945DA244DC5E80012785A /* iOSEngineerCodeCheck */ = {
			isa = PBXNativeTarget;
			buildConfigurationList = BFD94605244DC5EC0012785A /* Build configuration list for PBXNativeTarget "iOSEngineerCodeCheck" */;
			buildPhases = (
				BFD945D7244DC5E80012785A /* Sources */,
				BFD945D8244DC5E80012785A /* Frameworks */,
				BFD945D9244DC5E80012785A /* Resources */,
			);
			buildRules = (
			);
			dependencies = (
			);
			name = iOSEngineerCodeCheck;
			packageProductDependencies = (
				E250706627246E9700013FF1 /* Moya */,
			);
			productName = iOSEngineerCodeCheck;
			productReference = BFD945DB244DC5E80012785A /* iOSEngineerCodeCheck.app */;
			productType = "com.apple.product-type.application";
		};
		BFD945F0244DC5EB0012785A /* iOSEngineerCodeCheckTests */ = {
			isa = PBXNativeTarget;
			buildConfigurationList = BFD94608244DC5EC0012785A /* Build configuration list for PBXNativeTarget "iOSEngineerCodeCheckTests" */;
			buildPhases = (
				BFD945ED244DC5EB0012785A /* Sources */,
				BFD945EE244DC5EB0012785A /* Frameworks */,
				BFD945EF244DC5EB0012785A /* Resources */,
			);
			buildRules = (
			);
			dependencies = (
				BFD945F3244DC5EB0012785A /* PBXTargetDependency */,
			);
			name = iOSEngineerCodeCheckTests;
			productName = iOSEngineerCodeCheckTests;
			productReference = BFD945F1244DC5EB0012785A /* iOSEngineerCodeCheckTests.xctest */;
			productType = "com.apple.product-type.bundle.unit-test";
		};
		BFD945FB244DC5EB0012785A /* iOSEngineerCodeCheckUITests */ = {
			isa = PBXNativeTarget;
			buildConfigurationList = BFD9460B244DC5EC0012785A /* Build configuration list for PBXNativeTarget "iOSEngineerCodeCheckUITests" */;
			buildPhases = (
				BFD945F8244DC5EB0012785A /* Sources */,
				BFD945F9244DC5EB0012785A /* Frameworks */,
				BFD945FA244DC5EB0012785A /* Resources */,
			);
			buildRules = (
			);
			dependencies = (
				BFD945FE244DC5EB0012785A /* PBXTargetDependency */,
			);
			name = iOSEngineerCodeCheckUITests;
			productName = iOSEngineerCodeCheckUITests;
			productReference = BFD945FC244DC5EB0012785A /* iOSEngineerCodeCheckUITests.xctest */;
			productType = "com.apple.product-type.bundle.ui-testing";
		};
/* End PBXNativeTarget section */

/* Begin PBXProject section */
		BFD945D3244DC5E80012785A /* Project object */ = {
			isa = PBXProject;
			attributes = {
				LastSwiftUpdateCheck = 1300;
				LastUpgradeCheck = 1300;
				ORGANIZATIONNAME = "YUMEMI Inc.";
				TargetAttributes = {
					BFD945DA244DC5E80012785A = {
						CreatedOnToolsVersion = 11.4.1;
					};
					BFD945F0244DC5EB0012785A = {
						CreatedOnToolsVersion = 11.4.1;
						TestTargetID = BFD945DA244DC5E80012785A;
					};
					BFD945FB244DC5EB0012785A = {
						CreatedOnToolsVersion = 11.4.1;
						TestTargetID = BFD945DA244DC5E80012785A;
					};
				};
			};
			buildConfigurationList = BFD945D6244DC5E80012785A /* Build configuration list for PBXProject "iOSEngineerCodeCheck" */;
			compatibilityVersion = "Xcode 9.3";
			developmentRegion = en;
			hasScannedForEncodings = 0;
			knownRegions = (
				en,
				Base,
			);
			mainGroup = BFD945D2244DC5E80012785A;
			packageReferences = (
				E250706527246E9600013FF1 /* XCRemoteSwiftPackageReference "Moya" */,
			);
			productRefGroup = BFD945DC244DC5E80012785A /* Products */;
			projectDirPath = "";
			projectRoot = "";
			targets = (
				BFD945DA244DC5E80012785A /* iOSEngineerCodeCheck */,
				BFD945F0244DC5EB0012785A /* iOSEngineerCodeCheckTests */,
				BFD945FB244DC5EB0012785A /* iOSEngineerCodeCheckUITests */,
			);
		};
/* End PBXProject section */

/* Begin PBXResourcesBuildPhase section */
		BFD945D9244DC5E80012785A /* Resources */ = {
			isa = PBXResourcesBuildPhase;
			buildActionMask = 2147483647;
			files = (
				BFD945EB244DC5EB0012785A /* LaunchScreen.storyboard in Resources */,
				BFD945E8244DC5EB0012785A /* Assets.xcassets in Resources */,
				BFD945E6244DC5E80012785A /* MainViewController.storyboard in Resources */,
				E25070582724491600013FF1 /* RootViewController.storyboard in Resources */,
				E250705F27244BED00013FF1 /* SplashViewController.storyboard in Resources */,
				E250706127244F3C00013FF1 /* RepositorySearchViewController.storyboard in Resources */,
				E250706327244FC000013FF1 /* RepositoryDetailViewController.storyboard in Resources */,
			);
			runOnlyForDeploymentPostprocessing = 0;
		};
		BFD945EF244DC5EB0012785A /* Resources */ = {
			isa = PBXResourcesBuildPhase;
			buildActionMask = 2147483647;
			files = (
			);
			runOnlyForDeploymentPostprocessing = 0;
		};
		BFD945FA244DC5EB0012785A /* Resources */ = {
			isa = PBXResourcesBuildPhase;
			buildActionMask = 2147483647;
			files = (
			);
			runOnlyForDeploymentPostprocessing = 0;
		};
/* End PBXResourcesBuildPhase section */

/* Begin PBXSourcesBuildPhase section */
		BFD945D7244DC5E80012785A /* Sources */ = {
			isa = PBXSourcesBuildPhase;
			buildActionMask = 2147483647;
			files = (
				BFD945E3244DC5E80012785A /* RepositorySearchViewController.swift in Sources */,
				E25070542724487300013FF1 /* SceneRouter.swift in Sources */,
				E2507075272473D200013FF1 /* GitHubRepository.swift in Sources */,
				BF0A658D244F2A3B00280FA6 /* RepositoryDetailViewController.swift in Sources */,
				E25070772724775F00013FF1 /* User.swift in Sources */,
				E250705D27244BE000013FF1 /* SplashViewController.swift in Sources */,
				E250706F2724715800013FF1 /* AppConstant.swift in Sources */,
				E250706927246F0800013FF1 /* API.swift in Sources */,
				E25070722724727000013FF1 /* SearchRepositoryRequest.swift in Sources */,
				E25070562724490A00013FF1 /* RootViewController.swift in Sources */,
				BFD945DF244DC5E80012785A /* AppDelegate.swift in Sources */,
				E25070522724476C00013FF1 /* Storyboardable.swift in Sources */,
				E250706B27246FB100013FF1 /* AppError.swift in Sources */,
				E250706D2724712100013FF1 /* APITargetType.swift in Sources */,
				BFD945E1244DC5E80012785A /* SceneDelegate.swift in Sources */,
				E250705A2724497E00013FF1 /* MainViewController.swift in Sources */,
			);
			runOnlyForDeploymentPostprocessing = 0;
		};
		BFD945ED244DC5EB0012785A /* Sources */ = {
			isa = PBXSourcesBuildPhase;
			buildActionMask = 2147483647;
			files = (
				BFD945F6244DC5EB0012785A /* iOSEngineerCodeCheckTests.swift in Sources */,
			);
			runOnlyForDeploymentPostprocessing = 0;
		};
		BFD945F8244DC5EB0012785A /* Sources */ = {
			isa = PBXSourcesBuildPhase;
			buildActionMask = 2147483647;
			files = (
				BFD94601244DC5EC0012785A /* iOSEngineerCodeCheckUITests.swift in Sources */,
			);
			runOnlyForDeploymentPostprocessing = 0;
		};
/* End PBXSourcesBuildPhase section */

/* Begin PBXTargetDependency section */
		BFD945F3244DC5EB0012785A /* PBXTargetDependency */ = {
			isa = PBXTargetDependency;
			target = BFD945DA244DC5E80012785A /* iOSEngineerCodeCheck */;
			targetProxy = BFD945F2244DC5EB0012785A /* PBXContainerItemProxy */;
		};
		BFD945FE244DC5EB0012785A /* PBXTargetDependency */ = {
			isa = PBXTargetDependency;
			target = BFD945DA244DC5E80012785A /* iOSEngineerCodeCheck */;
			targetProxy = BFD945FD244DC5EB0012785A /* PBXContainerItemProxy */;
		};
/* End PBXTargetDependency section */

/* Begin PBXVariantGroup section */
		BFD945E4244DC5E80012785A /* MainViewController.storyboard */ = {
			isa = PBXVariantGroup;
			children = (
				BFD945E5244DC5E80012785A /* Base */,
			);
			name = MainViewController.storyboard;
			sourceTree = "<group>";
		};
		BFD945E9244DC5EB0012785A /* LaunchScreen.storyboard */ = {
			isa = PBXVariantGroup;
			children = (
				BFD945EA244DC5EB0012785A /* Base */,
			);
			name = LaunchScreen.storyboard;
			sourceTree = "<group>";
		};
/* End PBXVariantGroup section */

/* Begin XCBuildConfiguration section */
		BFD94603244DC5EC0012785A /* Debug */ = {
			isa = XCBuildConfiguration;
			buildSettings = {
				ALWAYS_SEARCH_USER_PATHS = NO;
				CLANG_ANALYZER_NONNULL = YES;
				CLANG_ANALYZER_NUMBER_OBJECT_CONVERSION = YES_AGGRESSIVE;
				CLANG_CXX_LANGUAGE_STANDARD = "gnu++14";
				CLANG_CXX_LIBRARY = "libc++";
				CLANG_ENABLE_MODULES = YES;
				CLANG_ENABLE_OBJC_ARC = YES;
				CLANG_ENABLE_OBJC_WEAK = YES;
				CLANG_WARN_BLOCK_CAPTURE_AUTORELEASING = YES;
				CLANG_WARN_BOOL_CONVERSION = YES;
				CLANG_WARN_COMMA = YES;
				CLANG_WARN_CONSTANT_CONVERSION = YES;
				CLANG_WARN_DEPRECATED_OBJC_IMPLEMENTATIONS = YES;
				CLANG_WARN_DIRECT_OBJC_ISA_USAGE = YES_ERROR;
				CLANG_WARN_DOCUMENTATION_COMMENTS = YES;
				CLANG_WARN_EMPTY_BODY = YES;
				CLANG_WARN_ENUM_CONVERSION = YES;
				CLANG_WARN_INFINITE_RECURSION = YES;
				CLANG_WARN_INT_CONVERSION = YES;
				CLANG_WARN_NON_LITERAL_NULL_CONVERSION = YES;
				CLANG_WARN_OBJC_IMPLICIT_RETAIN_SELF = YES;
				CLANG_WARN_OBJC_LITERAL_CONVERSION = YES;
				CLANG_WARN_OBJC_ROOT_CLASS = YES_ERROR;
				CLANG_WARN_QUOTED_INCLUDE_IN_FRAMEWORK_HEADER = YES;
				CLANG_WARN_RANGE_LOOP_ANALYSIS = YES;
				CLANG_WARN_STRICT_PROTOTYPES = YES;
				CLANG_WARN_SUSPICIOUS_MOVE = YES;
				CLANG_WARN_UNGUARDED_AVAILABILITY = YES_AGGRESSIVE;
				CLANG_WARN_UNREACHABLE_CODE = YES;
				CLANG_WARN__DUPLICATE_METHOD_MATCH = YES;
				COPY_PHASE_STRIP = NO;
				DEBUG_INFORMATION_FORMAT = dwarf;
				ENABLE_STRICT_OBJC_MSGSEND = YES;
				ENABLE_TESTABILITY = YES;
				GCC_C_LANGUAGE_STANDARD = gnu11;
				GCC_DYNAMIC_NO_PIC = NO;
				GCC_NO_COMMON_BLOCKS = YES;
				GCC_OPTIMIZATION_LEVEL = 0;
				GCC_PREPROCESSOR_DEFINITIONS = (
					"DEBUG=1",
					"$(inherited)",
				);
				GCC_WARN_64_TO_32_BIT_CONVERSION = YES;
				GCC_WARN_ABOUT_RETURN_TYPE = YES_ERROR;
				GCC_WARN_UNDECLARED_SELECTOR = YES;
				GCC_WARN_UNINITIALIZED_AUTOS = YES_AGGRESSIVE;
				GCC_WARN_UNUSED_FUNCTION = YES;
				GCC_WARN_UNUSED_VARIABLE = YES;
				INFOPLIST_FILE = "";
				IPHONEOS_DEPLOYMENT_TARGET = 15.0;
				MTL_ENABLE_DEBUG_INFO = INCLUDE_SOURCE;
				MTL_FAST_MATH = YES;
				ONLY_ACTIVE_ARCH = YES;
				SDKROOT = iphoneos;
				SWIFT_ACTIVE_COMPILATION_CONDITIONS = DEBUG;
				SWIFT_OPTIMIZATION_LEVEL = "-Onone";
			};
			name = Debug;
		};
		BFD94604244DC5EC0012785A /* Release */ = {
			isa = XCBuildConfiguration;
			buildSettings = {
				ALWAYS_SEARCH_USER_PATHS = NO;
				CLANG_ANALYZER_NONNULL = YES;
				CLANG_ANALYZER_NUMBER_OBJECT_CONVERSION = YES_AGGRESSIVE;
				CLANG_CXX_LANGUAGE_STANDARD = "gnu++14";
				CLANG_CXX_LIBRARY = "libc++";
				CLANG_ENABLE_MODULES = YES;
				CLANG_ENABLE_OBJC_ARC = YES;
				CLANG_ENABLE_OBJC_WEAK = YES;
				CLANG_WARN_BLOCK_CAPTURE_AUTORELEASING = YES;
				CLANG_WARN_BOOL_CONVERSION = YES;
				CLANG_WARN_COMMA = YES;
				CLANG_WARN_CONSTANT_CONVERSION = YES;
				CLANG_WARN_DEPRECATED_OBJC_IMPLEMENTATIONS = YES;
				CLANG_WARN_DIRECT_OBJC_ISA_USAGE = YES_ERROR;
				CLANG_WARN_DOCUMENTATION_COMMENTS = YES;
				CLANG_WARN_EMPTY_BODY = YES;
				CLANG_WARN_ENUM_CONVERSION = YES;
				CLANG_WARN_INFINITE_RECURSION = YES;
				CLANG_WARN_INT_CONVERSION = YES;
				CLANG_WARN_NON_LITERAL_NULL_CONVERSION = YES;
				CLANG_WARN_OBJC_IMPLICIT_RETAIN_SELF = YES;
				CLANG_WARN_OBJC_LITERAL_CONVERSION = YES;
				CLANG_WARN_OBJC_ROOT_CLASS = YES_ERROR;
				CLANG_WARN_QUOTED_INCLUDE_IN_FRAMEWORK_HEADER = YES;
				CLANG_WARN_RANGE_LOOP_ANALYSIS = YES;
				CLANG_WARN_STRICT_PROTOTYPES = YES;
				CLANG_WARN_SUSPICIOUS_MOVE = YES;
				CLANG_WARN_UNGUARDED_AVAILABILITY = YES_AGGRESSIVE;
				CLANG_WARN_UNREACHABLE_CODE = YES;
				CLANG_WARN__DUPLICATE_METHOD_MATCH = YES;
				COPY_PHASE_STRIP = NO;
				DEBUG_INFORMATION_FORMAT = "dwarf-with-dsym";
				ENABLE_NS_ASSERTIONS = NO;
				ENABLE_STRICT_OBJC_MSGSEND = YES;
				GCC_C_LANGUAGE_STANDARD = gnu11;
				GCC_NO_COMMON_BLOCKS = YES;
				GCC_WARN_64_TO_32_BIT_CONVERSION = YES;
				GCC_WARN_ABOUT_RETURN_TYPE = YES_ERROR;
				GCC_WARN_UNDECLARED_SELECTOR = YES;
				GCC_WARN_UNINITIALIZED_AUTOS = YES_AGGRESSIVE;
				GCC_WARN_UNUSED_FUNCTION = YES;
				GCC_WARN_UNUSED_VARIABLE = YES;
				INFOPLIST_FILE = "";
				IPHONEOS_DEPLOYMENT_TARGET = 15.0;
				MTL_ENABLE_DEBUG_INFO = NO;
				MTL_FAST_MATH = YES;
				SDKROOT = iphoneos;
				SWIFT_COMPILATION_MODE = wholemodule;
				SWIFT_OPTIMIZATION_LEVEL = "-O";
				VALIDATE_PRODUCT = YES;
			};
			name = Release;
		};
		BFD94606244DC5EC0012785A /* Debug */ = {
			isa = XCBuildConfiguration;
			buildSettings = {
				ASSETCATALOG_COMPILER_APPICON_NAME = AppIcon;
				CODE_SIGN_STYLE = Automatic;
				DEVELOPMENT_TEAM = "";
				INFOPLIST_FILE = iOSEngineerCodeCheck/Configuration/Info.plist;
				LD_RUNPATH_SEARCH_PATHS = (
					"$(inherited)",
					"@executable_path/Frameworks",
				);
				PRODUCT_BUNDLE_IDENTIFIER = jp.yumemi.iOSEngineerCodeCheck;
				PRODUCT_NAME = "$(TARGET_NAME)";
				SWIFT_VERSION = 5.0;
				TARGETED_DEVICE_FAMILY = "1,2";
			};
			name = Debug;
		};
		BFD94607244DC5EC0012785A /* Release */ = {
			isa = XCBuildConfiguration;
			buildSettings = {
				ASSETCATALOG_COMPILER_APPICON_NAME = AppIcon;
				CODE_SIGN_STYLE = Automatic;
				DEVELOPMENT_TEAM = "";
				INFOPLIST_FILE = iOSEngineerCodeCheck/Configuration/Info.plist;
				LD_RUNPATH_SEARCH_PATHS = (
					"$(inherited)",
					"@executable_path/Frameworks",
				);
				PRODUCT_BUNDLE_IDENTIFIER = jp.yumemi.iOSEngineerCodeCheck;
				PRODUCT_NAME = "$(TARGET_NAME)";
				SWIFT_VERSION = 5.0;
				TARGETED_DEVICE_FAMILY = "1,2";
			};
			name = Release;
		};
		BFD94609244DC5EC0012785A /* Debug */ = {
			isa = XCBuildConfiguration;
			buildSettings = {
				ALWAYS_EMBED_SWIFT_STANDARD_LIBRARIES = YES;
				BUNDLE_LOADER = "$(TEST_HOST)";
				CODE_SIGN_STYLE = Automatic;
				DEVELOPMENT_TEAM = S7G9J68NLX;
				INFOPLIST_FILE = iOSEngineerCodeCheckTests/Info.plist;
				LD_RUNPATH_SEARCH_PATHS = (
					"$(inherited)",
					"@executable_path/Frameworks",
					"@loader_path/Frameworks",
				);
				PRODUCT_BUNDLE_IDENTIFIER = jp.yumemi.iOSEngineerCodeCheckTests;
				PRODUCT_NAME = "$(TARGET_NAME)";
				SWIFT_VERSION = 5.0;
				TARGETED_DEVICE_FAMILY = "1,2";
				TEST_HOST = "$(BUILT_PRODUCTS_DIR)/iOSEngineerCodeCheck.app/iOSEngineerCodeCheck";
			};
			name = Debug;
		};
		BFD9460A244DC5EC0012785A /* Release */ = {
			isa = XCBuildConfiguration;
			buildSettings = {
				ALWAYS_EMBED_SWIFT_STANDARD_LIBRARIES = YES;
				BUNDLE_LOADER = "$(TEST_HOST)";
				CODE_SIGN_STYLE = Automatic;
				DEVELOPMENT_TEAM = S7G9J68NLX;
				INFOPLIST_FILE = iOSEngineerCodeCheckTests/Info.plist;
				LD_RUNPATH_SEARCH_PATHS = (
					"$(inherited)",
					"@executable_path/Frameworks",
					"@loader_path/Frameworks",
				);
				PRODUCT_BUNDLE_IDENTIFIER = jp.yumemi.iOSEngineerCodeCheckTests;
				PRODUCT_NAME = "$(TARGET_NAME)";
				SWIFT_VERSION = 5.0;
				TARGETED_DEVICE_FAMILY = "1,2";
				TEST_HOST = "$(BUILT_PRODUCTS_DIR)/iOSEngineerCodeCheck.app/iOSEngineerCodeCheck";
			};
			name = Release;
		};
		BFD9460C244DC5EC0012785A /* Debug */ = {
			isa = XCBuildConfiguration;
			buildSettings = {
				ALWAYS_EMBED_SWIFT_STANDARD_LIBRARIES = YES;
				CODE_SIGN_STYLE = Automatic;
				DEVELOPMENT_TEAM = S7G9J68NLX;
				INFOPLIST_FILE = iOSEngineerCodeCheckUITests/Info.plist;
				LD_RUNPATH_SEARCH_PATHS = (
					"$(inherited)",
					"@executable_path/Frameworks",
					"@loader_path/Frameworks",
				);
				PRODUCT_BUNDLE_IDENTIFIER = jp.yumemi.iOSEngineerCodeCheckUITests;
				PRODUCT_NAME = "$(TARGET_NAME)";
				SWIFT_VERSION = 5.0;
				TARGETED_DEVICE_FAMILY = "1,2";
				TEST_TARGET_NAME = iOSEngineerCodeCheck;
			};
			name = Debug;
		};
		BFD9460D244DC5EC0012785A /* Release */ = {
			isa = XCBuildConfiguration;
			buildSettings = {
				ALWAYS_EMBED_SWIFT_STANDARD_LIBRARIES = YES;
				CODE_SIGN_STYLE = Automatic;
				DEVELOPMENT_TEAM = S7G9J68NLX;
				INFOPLIST_FILE = iOSEngineerCodeCheckUITests/Info.plist;
				LD_RUNPATH_SEARCH_PATHS = (
					"$(inherited)",
					"@executable_path/Frameworks",
					"@loader_path/Frameworks",
				);
				PRODUCT_BUNDLE_IDENTIFIER = jp.yumemi.iOSEngineerCodeCheckUITests;
				PRODUCT_NAME = "$(TARGET_NAME)";
				SWIFT_VERSION = 5.0;
				TARGETED_DEVICE_FAMILY = "1,2";
				TEST_TARGET_NAME = iOSEngineerCodeCheck;
			};
			name = Release;
		};
/* End XCBuildConfiguration section */

/* Begin XCConfigurationList section */
		BFD945D6244DC5E80012785A /* Build configuration list for PBXProject "iOSEngineerCodeCheck" */ = {
			isa = XCConfigurationList;
			buildConfigurations = (
				BFD94603244DC5EC0012785A /* Debug */,
				BFD94604244DC5EC0012785A /* Release */,
			);
			defaultConfigurationIsVisible = 0;
			defaultConfigurationName = Release;
		};
		BFD94605244DC5EC0012785A /* Build configuration list for PBXNativeTarget "iOSEngineerCodeCheck" */ = {
			isa = XCConfigurationList;
			buildConfigurations = (
				BFD94606244DC5EC0012785A /* Debug */,
				BFD94607244DC5EC0012785A /* Release */,
			);
			defaultConfigurationIsVisible = 0;
			defaultConfigurationName = Release;
		};
		BFD94608244DC5EC0012785A /* Build configuration list for PBXNativeTarget "iOSEngineerCodeCheckTests" */ = {
			isa = XCConfigurationList;
			buildConfigurations = (
				BFD94609244DC5EC0012785A /* Debug */,
				BFD9460A244DC5EC0012785A /* Release */,
			);
			defaultConfigurationIsVisible = 0;
			defaultConfigurationName = Release;
		};
		BFD9460B244DC5EC0012785A /* Build configuration list for PBXNativeTarget "iOSEngineerCodeCheckUITests" */ = {
			isa = XCConfigurationList;
			buildConfigurations = (
				BFD9460C244DC5EC0012785A /* Debug */,
				BFD9460D244DC5EC0012785A /* Release */,
			);
			defaultConfigurationIsVisible = 0;
			defaultConfigurationName = Release;
		};
/* End XCConfigurationList section */

/* Begin XCRemoteSwiftPackageReference section */
		E250706527246E9600013FF1 /* XCRemoteSwiftPackageReference "Moya" */ = {
			isa = XCRemoteSwiftPackageReference;
			repositoryURL = "https://github.com/Moya/Moya.git";
			requirement = {
				kind = upToNextMajorVersion;
				minimumVersion = 15.0.0;
			};
		};
/* End XCRemoteSwiftPackageReference section */

/* Begin XCSwiftPackageProductDependency section */
		E250706627246E9700013FF1 /* Moya */ = {
			isa = XCSwiftPackageProductDependency;
			package = E250706527246E9600013FF1 /* XCRemoteSwiftPackageReference "Moya" */;
			productName = Moya;
		};
/* End XCSwiftPackageProductDependency section */
	};
	rootObject = BFD945D3244DC5E80012785A /* Project object */;
}
